
Microsoft Visual Studio Solution File, Format Version 12.00
# Visual Studio Version 16
VisualStudioVersion = 16.0.29102.190
MinimumVisualStudioVersion = 10.0.40219.1
Project("{9A19103F-16F7-4668-BE54-9A1E7A4F7556}") = "Day 1", "Day 1\Day 1.csproj", "{3190107B-6F32-42CF-8EA8-49C42BC76E8F}"
EndProject
Project("{9A19103F-16F7-4668-BE54-9A1E7A4F7556}") = "Day 2", "..\Day 2\Day 2.csproj", "{B8E6058B-0F12-464A-B423-61155FC25A43}"
EndProject
Project("{FAE04EC0-301F-11D3-BF4B-00C04F79EFBC}") = "Day4", "..\Day4\Day4\Day4.csproj", "{19747E75-7092-462B-8B0F-65710A5257DB}"
EndProject
Project("{FAE04EC0-301F-11D3-BF4B-00C04F79EFBC}") = "Day5", "..\Day5\Day5\Day5.csproj", "{2187CC2E-B5A6-4FAF-ACDA-FE91293BDC48}"
EndProject
Global
	GlobalSection(SolutionConfigurationPlatforms) = preSolution
		Debug|Any CPU = Debug|Any CPU
		Release|Any CPU = Release|Any CPU
	EndGlobalSection
	GlobalSection(ProjectConfigurationPlatforms) = postSolution
		{3190107B-6F32-42CF-8EA8-49C42BC76E8F}.Debug|Any CPU.ActiveCfg = Debug|Any CPU
		{3190107B-6F32-42CF-8EA8-49C42BC76E8F}.Debug|Any CPU.Build.0 = Debug|Any CPU
		{3190107B-6F32-42CF-8EA8-49C42BC76E8F}.Release|Any CPU.ActiveCfg = Release|Any CPU
		{3190107B-6F32-42CF-8EA8-49C42BC76E8F}.Release|Any CPU.Build.0 = Release|Any CPU
		{B8E6058B-0F12-464A-B423-61155FC25A43}.Debug|Any CPU.ActiveCfg = Debug|Any CPU
		{B8E6058B-0F12-464A-B423-61155FC25A43}.Debug|Any CPU.Build.0 = Debug|Any CPU
		{B8E6058B-0F12-464A-B423-61155FC25A43}.Release|Any CPU.ActiveCfg = Release|Any CPU
		{B8E6058B-0F12-464A-B423-61155FC25A43}.Release|Any CPU.Build.0 = Release|Any CPU
		{19747E75-7092-462B-8B0F-65710A5257DB}.Debug|Any CPU.ActiveCfg = Debug|Any CPU
		{19747E75-7092-462B-8B0F-65710A5257DB}.Debug|Any CPU.Build.0 = Debug|Any CPU
		{19747E75-7092-462B-8B0F-65710A5257DB}.Release|Any CPU.ActiveCfg = Release|Any CPU
		{19747E75-7092-462B-8B0F-65710A5257DB}.Release|Any CPU.Build.0 = Release|Any CPU
		{2187CC2E-B5A6-4FAF-ACDA-FE91293BDC48}.Debug|Any CPU.ActiveCfg = Debug|Any CPU
		{2187CC2E-B5A6-4FAF-ACDA-FE91293BDC48}.Debug|Any CPU.Build.0 = Debug|Any CPU
		{2187CC2E-B5A6-4FAF-ACDA-FE91293BDC48}.Release|Any CPU.ActiveCfg = Release|Any CPU
		{2187CC2E-B5A6-4FAF-ACDA-FE91293BDC48}.Release|Any CPU.Build.0 = Release|Any CPU
	EndGlobalSection
	GlobalSection(SolutionProperties) = preSolution
		HideSolutionNode = FALSE
	EndGlobalSection
	GlobalSection(ExtensibilityGlobals) = postSolution
		SolutionGuid = {48115153-CE44-4F6A-8936-B05D5B3D0074}
	EndGlobalSection
EndGlobal
